
Microsoft Visual Studio Solution File, Format Version 12.00
# Visual Studio Version 17
VisualStudioVersion = 17.3.32929.385
MinimumVisualStudioVersion = 10.0.40219.1
Project("{9A19103F-16F7-4668-BE54-9A1E7A4F7556}") = "Vehiculo20200822", "Vehiculo20200822.csproj", "{08D0FAD1-40B5-40D0-A194-4F697C16767F}"
EndProject
Global
	GlobalSection(SolutionConfigurationPlatforms) = preSolution
		Debug|Any CPU = Debug|Any CPU
		Release|Any CPU = Release|Any CPU
	EndGlobalSection
	GlobalSection(ProjectConfigurationPlatforms) = postSolution
		{08D0FAD1-40B5-40D0-A194-4F697C16767F}.Debug|Any CPU.ActiveCfg = Debug|Any CPU
		{08D0FAD1-40B5-40D0-A194-4F697C16767F}.Debug|Any CPU.Build.0 = Debug|Any CPU
		{08D0FAD1-40B5-40D0-A194-4F697C16767F}.Release|Any CPU.ActiveCfg = Release|Any CPU
		{08D0FAD1-40B5-40D0-A194-4F697C16767F}.Release|Any CPU.Build.0 = Release|Any CPU
	EndGlobalSection
	GlobalSection(SolutionProperties) = preSolution
		HideSolutionNode = FALSE
	EndGlobalSection
	GlobalSection(ExtensibilityGlobals) = postSolution
		SolutionGuid = {B85229B5-4A00-4029-8660-E63826145C89}
	EndGlobalSection
EndGlobal
